{
  "requires": true,
  "lockfileVersion": 1,
  "dependencies": {
    "cities.json": {
      "version": "1.1.2",
      "resolved": "https://registry.npmjs.org/cities.json/-/cities.json-1.1.2.tgz",
      "integrity": "sha512-oYRXIf6twVkt8VcDvjPlWngyDaIGG4jlw+hCkzTuIkQBdACJnr9ezAQxiP8IrJpZ+tsj2ikF3fFU2cG0VeP/5Q=="
    }
  }
}
